
Microsoft Visual Studio Solution File, Format Version 12.00
# Visual Studio Version 16
VisualStudioVersion = 16.0.30804.86
MinimumVisualStudioVersion = 10.0.40219.1
Project("{FAE04EC0-301F-11D3-BF4B-00C04F79EFBC}") = "UlearnGame", "UlearnGame\UlearnGame.csproj", "{00A3154F-5B23-4402-BE9E-C4BCEE080587}"
EndProject
Global
	GlobalSection(SolutionConfigurationPlatforms) = preSolution
		Debug|Any CPU = Debug|Any CPU
		Release|Any CPU = Release|Any CPU
	EndGlobalSection
	GlobalSection(ProjectConfigurationPlatforms) = postSolution
		{00A3154F-5B23-4402-BE9E-C4BCEE080587}.Debug|Any CPU.ActiveCfg = Debug|Any CPU
		{00A3154F-5B23-4402-BE9E-C4BCEE080587}.Debug|Any CPU.Build.0 = Debug|Any CPU
		{00A3154F-5B23-4402-BE9E-C4BCEE080587}.Release|Any CPU.ActiveCfg = Release|Any CPU
		{00A3154F-5B23-4402-BE9E-C4BCEE080587}.Release|Any CPU.Build.0 = Release|Any CPU
	EndGlobalSection
	GlobalSection(SolutionProperties) = preSolution
		HideSolutionNode = FALSE
	EndGlobalSection
	GlobalSection(ExtensibilityGlobals) = postSolution
		SolutionGuid = {E05BB605-103E-4B23-A756-F9D8E552E8AE}
	EndGlobalSection
EndGlobal
